
Microsoft Visual Studio Solution File, Format Version 12.00
# Visual Studio 14
VisualStudioVersion = 14.0.25123.0
MinimumVisualStudioVersion = 10.0.40219.1
Project("{FAE04EC0-301F-11D3-BF4B-00C04F79EFBC}") = "IntelligentCBD", "IntelligentCBD\IntelligentCBD.csproj", "{51CB8B6C-3E7A-441A-A20F-2D9C04E19815}"
EndProject
Project("{FAE04EC0-301F-11D3-BF4B-00C04F79EFBC}") = "Core", "Core\Core.csproj", "{9D858388-247E-4D9F-9E1A-FD3B80B18356}"
EndProject
Global
	GlobalSection(SolutionConfigurationPlatforms) = preSolution
		Debug|Any CPU = Debug|Any CPU
		Release|Any CPU = Release|Any CPU
	EndGlobalSection
	GlobalSection(ProjectConfigurationPlatforms) = postSolution
		{51CB8B6C-3E7A-441A-A20F-2D9C04E19815}.Debug|Any CPU.ActiveCfg = Debug|Any CPU
		{51CB8B6C-3E7A-441A-A20F-2D9C04E19815}.Debug|Any CPU.Build.0 = Debug|Any CPU
		{51CB8B6C-3E7A-441A-A20F-2D9C04E19815}.Release|Any CPU.ActiveCfg = Release|Any CPU
		{51CB8B6C-3E7A-441A-A20F-2D9C04E19815}.Release|Any CPU.Build.0 = Release|Any CPU
		{9D858388-247E-4D9F-9E1A-FD3B80B18356}.Debug|Any CPU.ActiveCfg = Debug|Any CPU
		{9D858388-247E-4D9F-9E1A-FD3B80B18356}.Debug|Any CPU.Build.0 = Debug|Any CPU
		{9D858388-247E-4D9F-9E1A-FD3B80B18356}.Release|Any CPU.ActiveCfg = Release|Any CPU
		{9D858388-247E-4D9F-9E1A-FD3B80B18356}.Release|Any CPU.Build.0 = Release|Any CPU
	EndGlobalSection
	GlobalSection(SolutionProperties) = preSolution
		HideSolutionNode = FALSE
	EndGlobalSection
EndGlobal
